// !$*UTF8*$!
{
	archiveVersion = 1;
	classes = {
	};
	objectVersion = 77;
	objects = {

/* Begin PBXContainerItemProxy section */
		05CA1B6A2EBEE2A20041BEC3 /* PBXContainerItemProxy */ = {
			isa = PBXContainerItemProxy;
			containerPortal = 05CA1B4F2EBEE29F0041BEC3 /* Project object */;
			proxyType = 1;
			remoteGlobalIDString = 05CA1B562EBEE29F0041BEC3;
			remoteInfo = GoldenGaiApp;
		};
		05CA1B742EBEE2A20041BEC3 /* PBXContainerItemProxy */ = {
			isa = PBXContainerItemProxy;
			containerPortal = 05CA1B4F2EBEE29F0041BEC3 /* Project object */;
			proxyType = 1;
			remoteGlobalIDString = 05CA1B562EBEE29F0041BEC3;
			remoteInfo = GoldenGaiApp;
		};
/* End PBXContainerItemProxy section */

/* Begin PBXFileReference section */
		05CA1B572EBEE29F0041BEC3 /* GoldenGaiApp.app */ = {isa = PBXFileReference; explicitFileType = wrapper.application; includeInIndex = 0; path = GoldenGaiApp.app; sourceTree = BUILT_PRODUCTS_DIR; };
		05CA1B692EBEE2A20041BEC3 /* GoldenGaiAppTests.xctest */ = {isa = PBXFileReference; explicitFileType = wrapper.cfbundle; includeInIndex = 0; path = GoldenGaiAppTests.xctest; sourceTree = BUILT_PRODUCTS_DIR; };
		05CA1B732EBEE2A20041BEC3 /* GoldenGaiAppUITests.xctest */ = {isa = PBXFileReference; explicitFileType = wrapper.cfbundle; includeInIndex = 0; path = GoldenGaiAppUITests.xctest; sourceTree = BUILT_PRODUCTS_DIR; };
/* End PBXFileReference section */

/* Begin PBXFileSystemSynchronizedBuildFileExceptionSet section */
		05CA1C592EBEE6E60041BEC3 /* Exceptions for "GoldenGaiApp" folder in "GoldenGaiApp" target */ = {
			isa = PBXFileSystemSynchronizedBuildFileExceptionSet;
			membershipExceptions = (
				Views/Settings/AppGuideView.swift,
			);
			target = 05CA1B562EBEE29F0041BEC3 /* GoldenGaiApp */;
		};
/* End PBXFileSystemSynchronizedBuildFileExceptionSet section */

/* Begin PBXFileSystemSynchronizedRootGroup section */
		05CA1B592EBEE29F0041BEC3 /* GoldenGaiApp */ = {
			isa = PBXFileSystemSynchronizedRootGroup;
			exceptions = (
				05CA1C592EBEE6E60041BEC3 /* Exceptions for "GoldenGaiApp" folder in "GoldenGaiApp" target */,
			);
			path = GoldenGaiApp;
			sourceTree = "<group>";
		};
		05CA1B6C2EBEE2A20041BEC3 /* GoldenGaiAppTests */ = {
			isa = PBXFileSystemSynchronizedRootGroup;
			path = GoldenGaiAppTests;
			sourceTree = "<group>";
		};
		05CA1B762EBEE2A20041BEC3 /* GoldenGaiAppUITests */ = {
			isa = PBXFileSystemSynchronizedRootGroup;
			path = GoldenGaiAppUITests;
			sourceTree = "<group>";
		};
/* End PBXFileSystemSynchronizedRootGroup section */

/* Begin PBXFrameworksBuildPhase section */
		05CA1B542EBEE29F0041BEC3 /* Frameworks */ = {
			isa = PBXFrameworksBuildPhase;
			buildActionMask = 2147483647;
			files = (
			);
			runOnlyForDeploymentPostprocessing = 0;
		};
		05CA1B662EBEE2A20041BEC3 /* Frameworks */ = {
			isa = PBXFrameworksBuildPhase;
			buildActionMask = 2147483647;
			files = (
			);
			runOnlyForDeploymentPostprocessing = 0;
		};
		05CA1B702EBEE2A20041BEC3 /* Frameworks */ = {
			isa = PBXFrameworksBuildPhase;
			buildActionMask = 2147483647;
			files = (
			);
			runOnlyForDeploymentPostprocessing = 0;
		};
/* End PBXFrameworksBuildPhase section */

/* Begin PBXGroup section */
		05CA1B4E2EBEE29F0041BEC3 = {
			isa = PBXGroup;
			children = (
				05CA1B592EBEE29F0041BEC3 /* GoldenGaiApp */,
				05CA1B6C2EBEE2A20041BEC3 /* GoldenGaiAppTests */,
				05CA1B762EBEE2A20041BEC3 /* GoldenGaiAppUITests */,
				05CA1B582EBEE29F0041BEC3 /* Products */,
			);
			sourceTree = "<group>";
		};
		05CA1B582EBEE29F0041BEC3 /* Products */ = {
			isa = PBXGroup;
			children = (
				05CA1B572EBEE29F0041BEC3 /* GoldenGaiApp.app */,
				05CA1B692EBEE2A20041BEC3 /* GoldenGaiAppTests.xctest */,
				05CA1B732EBEE2A20041BEC3 /* GoldenGaiAppUITests.xctest */,
			);
			name = Products;
			sourceTree = "<group>";
		};
/* End PBXGroup section */

/* Begin PBXNativeTarget section */
		05CA1B562EBEE29F0041BEC3 /* GoldenGaiApp */ = {
			isa = PBXNativeTarget;
			buildConfigurationList = 05CA1B7D2EBEE2A20041BEC3 /* Build configuration list for PBXNativeTarget "GoldenGaiApp" */;
			buildPhases = (
				05CA1B532EBEE29F0041BEC3 /* Sources */,
				05CA1B542EBEE29F0041BEC3 /* Frameworks */,
				05CA1B552EBEE29F0041BEC3 /* Resources */,
			);
			buildRules = (
			);
			dependencies = (
			);
			fileSystemSynchronizedGroups = (
				05CA1B592EBEE29F0041BEC3 /* GoldenGaiApp */,
			);
			name = GoldenGaiApp;
			packageProductDependencies = (
			);
			productName = GoldenGaiApp;
			productReference = 05CA1B572EBEE29F0041BEC3 /* GoldenGaiApp.app */;
			productType = "com.apple.product-type.application";
		};
		05CA1B682EBEE2A20041BEC3 /* GoldenGaiAppTests */ = {
			isa = PBXNativeTarget;
			buildConfigurationList = 05CA1B802EBEE2A20041BEC3 /* Build configuration list for PBXNativeTarget "GoldenGaiAppTests" */;
			buildPhases = (
				05CA1B652EBEE2A20041BEC3 /* Sources */,
				05CA1B662EBEE2A20041BEC3 /* Frameworks */,
				05CA1B672EBEE2A20041BEC3 /* Resources */,
			);
			buildRules = (
			);
			dependencies = (
				05CA1B6B2EBEE2A20041BEC3 /* PBXTargetDependency */,
			);
			fileSystemSynchronizedGroups = (
				05CA1B6C2EBEE2A20041BEC3 /* GoldenGaiAppTests */,
			);
			name = GoldenGaiAppTests;
			packageProductDependencies = (
			);
			productName = GoldenGaiAppTests;
			productReference = 05CA1B692EBEE2A20041BEC3 /* GoldenGaiAppTests.xctest */;
			productType = "com.apple.product-type.bundle.unit-test";
		};
		05CA1B722EBEE2A20041BEC3 /* GoldenGaiAppUITests */ = {
			isa = PBXNativeTarget;
			buildConfigurationList = 05CA1B832EBEE2A20041BEC3 /* Build configuration list for PBXNativeTarget "GoldenGaiAppUITests" */;
			buildPhases = (
				05CA1B6F2EBEE2A20041BEC3 /* Sources */,
				05CA1B702EBEE2A20041BEC3 /* Frameworks */,
				05CA1B712EBEE2A20041BEC3 /* Resources */,
			);
			buildRules = (
			);
			dependencies = (
				05CA1B752EBEE2A20041BEC3 /* PBXTargetDependency */,
			);
			fileSystemSynchronizedGroups = (
				05CA1B762EBEE2A20041BEC3 /* GoldenGaiAppUITests */,
			);
			name = GoldenGaiAppUITests;
			packageProductDependencies = (
			);
			productName = GoldenGaiAppUITests;
			productReference = 05CA1B732EBEE2A20041BEC3 /* GoldenGaiAppUITests.xctest */;
			productType = "com.apple.product-type.bundle.ui-testing";
		};
/* End PBXNativeTarget section */

/* Begin PBXProject section */
		05CA1B4F2EBEE29F0041BEC3 /* Project object */ = {
			isa = PBXProject;
			attributes = {
				BuildIndependentTargetsInParallel = 1;
				LastSwiftUpdateCheck = 2600;
				LastUpgradeCheck = 2600;
				TargetAttributes = {
					05CA1B562EBEE29F0041BEC3 = {
						CreatedOnToolsVersion = 26.0.1;
					};
					05CA1B682EBEE2A20041BEC3 = {
						CreatedOnToolsVersion = 26.0.1;
						TestTargetID = 05CA1B562EBEE29F0041BEC3;
					};
					05CA1B722EBEE2A20041BEC3 = {
						CreatedOnToolsVersion = 26.0.1;
						TestTargetID = 05CA1B562EBEE29F0041BEC3;
					};
				};
			};
			buildConfigurationList = 05CA1B522EBEE29F0041BEC3 /* Build configuration list for PBXProject "GoldenGaiApp" */;
			developmentRegion = en;
			hasScannedForEncodings = 0;
			knownRegions = (
				en,
				Base,
			);
			mainGroup = 05CA1B4E2EBEE29F0041BEC3;
			minimizedProjectReferenceProxies = 1;
			preferredProjectObjectVersion = 77;
			productRefGroup = 05CA1B582EBEE29F0041BEC3 /* Products */;
			projectDirPath = "";
			projectRoot = "";
			targets = (
				05CA1B562EBEE29F0041BEC3 /* GoldenGaiApp */,
				05CA1B682EBEE2A20041BEC3 /* GoldenGaiAppTests */,
				05CA1B722EBEE2A20041BEC3 /* GoldenGaiAppUITests */,
			);
		};
/* End PBXProject section */

/* Begin PBXResourcesBuildPhase section */
		05CA1B552EBEE29F0041BEC3 /* Resources */ = {
			isa = PBXResourcesBuildPhase;
			buildActionMask = 2147483647;
			files = (
			);
			runOnlyForDeploymentPostprocessing = 0;
		};
		05CA1B672EBEE2A20041BEC3 /* Resources */ = {
			isa = PBXResourcesBuildPhase;
			buildActionMask = 2147483647;
			files = (
			);
			runOnlyForDeploymentPostprocessing = 0;
		};
		05CA1B712EBEE2A20041BEC3 /* Resources */ = {
			isa = PBXResourcesBuildPhase;
			buildActionMask = 2147483647;
			files = (
			);
			runOnlyForDeploymentPostprocessing = 0;
		};
/* End PBXResourcesBuildPhase section */

/* Begin PBXSourcesBuildPhase section */
		05CA1B532EBEE29F0041BEC3 /* Sources */ = {
			isa = PBXSourcesBuildPhase;
			buildActionMask = 2147483647;
			files = (
			);
			runOnlyForDeploymentPostprocessing = 0;
		};
		05CA1B652EBEE2A20041BEC3 /* Sources */ = {
			isa = PBXSourcesBuildPhase;
			buildActionMask = 2147483647;
			files = (
			);
			runOnlyForDeploymentPostprocessing = 0;
		};
		05CA1B6F2EBEE2A20041BEC3 /* Sources */ = {
			isa = PBXSourcesBuildPhase;
			buildActionMask = 2147483647;
			files = (
			);
			runOnlyForDeploymentPostprocessing = 0;
		};
/* End PBXSourcesBuildPhase section */

/* Begin PBXTargetDependency section */
		05CA1B6B2EBEE2A20041BEC3 /* PBXTargetDependency */ = {
			isa = PBXTargetDependency;
			target = 05CA1B562EBEE29F0041BEC3 /* GoldenGaiApp */;
			targetProxy = 05CA1B6A2EBEE2A20041BEC3 /* PBXContainerItemProxy */;
		};
		05CA1B752EBEE2A20041BEC3 /* PBXTargetDependency */ = {
			isa = PBXTargetDependency;
			target = 05CA1B562EBEE29F0041BEC3 /* GoldenGaiApp */;
			targetProxy = 05CA1B742EBEE2A20041BEC3 /* PBXContainerItemProxy */;
		};
/* End PBXTargetDependency section */

/* Begin XCBuildConfiguration section */
		05CA1B7B2EBEE2A20041BEC3 /* Debug */ = {
			isa = XCBuildConfiguration;
			buildSettings = {
				ALWAYS_SEARCH_USER_PATHS = NO;
				ASSETCATALOG_COMPILER_GENERATE_SWIFT_ASSET_SYMBOL_EXTENSIONS = YES;
				CLANG_ANALYZER_NONNULL = YES;
				CLANG_ANALYZER_NUMBER_OBJECT_CONVERSION = YES_AGGRESSIVE;
				CLANG_CXX_LANGUAGE_STANDARD = "gnu++20";
				CLANG_ENABLE_MODULES = YES;
				CLANG_ENABLE_OBJC_ARC = YES;
				CLANG_ENABLE_OBJC_WEAK = YES;
				CLANG_WARN_BLOCK_CAPTURE_AUTORELEASING = YES;
				CLANG_WARN_BOOL_CONVERSION = YES;
				CLANG_WARN_COMMA = YES;
				CLANG_WARN_CONSTANT_CONVERSION = YES;
				CLANG_WARN_DEPRECATED_OBJC_IMPLEMENTATIONS = YES;
				CLANG_WARN_DIRECT_OBJC_ISA_USAGE = YES_ERROR;
				CLANG_WARN_DOCUMENTATION_COMMENTS = YES;
				CLANG_WARN_EMPTY_BODY = YES;
				CLANG_WARN_ENUM_CONVERSION = YES;
				CLANG_WARN_INFINITE_RECURSION = YES;
				CLANG_WARN_INT_CONVERSION = YES;
				CLANG_WARN_NON_LITERAL_NULL_CONVERSION = YES;
				CLANG_WARN_OBJC_IMPLICIT_RETAIN_SELF = YES;
				CLANG_WARN_OBJC_LITERAL_CONVERSION = YES;
				CLANG_WARN_OBJC_ROOT_CLASS = YES_ERROR;
				CLANG_WARN_QUOTED_INCLUDE_IN_FRAMEWORK_HEADER = YES;
				CLANG_WARN_RANGE_LOOP_ANALYSIS = YES;
				CLANG_WARN_STRICT_PROTOTYPES = YES;
				CLANG_WARN_SUSPICIOUS_MOVE = YES;
				CLANG_WARN_UNGUARDED_AVAILABILITY = YES_AGGRESSIVE;
				CLANG_WARN_UNREACHABLE_CODE = YES;
				CLANG_WARN__DUPLICATE_METHOD_MATCH = YES;
				COPY_PHASE_STRIP = NO;
				DEBUG_INFORMATION_FORMAT = dwarf;
				DEVELOPMENT_TEAM = 2U6HGW7K5L;
				ENABLE_STRICT_OBJC_MSGSEND = YES;
				ENABLE_TESTABILITY = YES;
				ENABLE_USER_SCRIPT_SANDBOXING = YES;
				GCC_C_LANGUAGE_STANDARD = gnu17;
				GCC_DYNAMIC_NO_PIC = NO;
				GCC_NO_COMMON_BLOCKS = YES;
				GCC_OPTIMIZATION_LEVEL = 0;
				GCC_PREPROCESSOR_DEFINITIONS = (
					"DEBUG=1",
					"$(inherited)",
				);
				GCC_WARN_64_TO_32_BIT_CONVERSION = YES;
				GCC_WARN_ABOUT_RETURN_TYPE = YES_ERROR;
				GCC_WARN_UNDECLARED_SELECTOR = YES;
				GCC_WARN_UNINITIALIZED_AUTOS = YES_AGGRESSIVE;
				GCC_WARN_UNUSED_FUNCTION = YES;
				GCC_WARN_UNUSED_VARIABLE = YES;
				IPHONEOS_DEPLOYMENT_TARGET = 26.0;
				LOCALIZATION_PREFERS_STRING_CATALOGS = YES;
				MTL_ENABLE_DEBUG_INFO = INCLUDE_SOURCE;
				MTL_FAST_MATH = YES;
				ONLY_ACTIVE_ARCH = YES;
				SDKROOT = iphoneos;
				SWIFT_ACTIVE_COMPILATION_CONDITIONS = "DEBUG $(inherited)";
				SWIFT_OPTIMIZATION_LEVEL = "-Onone";
			};
			name = Debug;
		};
		05CA1B7C2EBEE2A20041BEC3 /* Release */ = {
			isa = XCBuildConfiguration;
			buildSettings = {
				ALWAYS_SEARCH_USER_PATHS = NO;
				ASSETCATALOG_COMPILER_GENERATE_SWIFT_ASSET_SYMBOL_EXTENSIONS = YES;
				CLANG_ANALYZER_NONNULL = YES;
				CLANG_ANALYZER_NUMBER_OBJECT_CONVERSION = YES_AGGRESSIVE;
				CLANG_CXX_LANGUAGE_STANDARD = "gnu++20";
				CLANG_ENABLE_MODULES = YES;
				CLANG_ENABLE_OBJC_ARC = YES;
				CLANG_ENABLE_OBJC_WEAK = YES;
				CLANG_WARN_BLOCK_CAPTURE_AUTORELEASING = YES;
				CLANG_WARN_BOOL_CONVERSION = YES;
				CLANG_WARN_COMMA = YES;
				CLANG_WARN_CONSTANT_CONVERSION = YES;
				CLANG_WARN_DEPRECATED_OBJC_IMPLEMENTATIONS = YES;
				CLANG_WARN_DIRECT_OBJC_ISA_USAGE = YES_ERROR;
				CLANG_WARN_DOCUMENTATION_COMMENTS = YES;
				CLANG_WARN_EMPTY_BODY = YES;
				CLANG_WARN_ENUM_CONVERSION = YES;
				CLANG_WARN_INFINITE_RECURSION = YES;
				CLANG_WARN_INT_CONVERSION = YES;
				CLANG_WARN_NON_LITERAL_NULL_CONVERSION = YES;
				CLANG_WARN_OBJC_IMPLICIT_RETAIN_SELF = YES;
				CLANG_WARN_OBJC_LITERAL_CONVERSION = YES;
				CLANG_WARN_OBJC_ROOT_CLASS = YES_ERROR;
				CLANG_WARN_QUOTED_INCLUDE_IN_FRAMEWORK_HEADER = YES;
				CLANG_WARN_RANGE_LOOP_ANALYSIS = YES;
				CLANG_WARN_STRICT_PROTOTYPES = YES;
				CLANG_WARN_SUSPICIOUS_MOVE = YES;
				CLANG_WARN_UNGUARDED_AVAILABILITY = YES_AGGRESSIVE;
				CLANG_WARN_UNREACHABLE_CODE = YES;
				CLANG_WARN__DUPLICATE_METHOD_MATCH = YES;
				COPY_PHASE_STRIP = NO;
				DEBUG_INFORMATION_FORMAT = "dwarf-with-dsym";
				DEVELOPMENT_TEAM = 2U6HGW7K5L;
				ENABLE_NS_ASSERTIONS = NO;
				ENABLE_STRICT_OBJC_MSGSEND = YES;
				ENABLE_USER_SCRIPT_SANDBOXING = YES;
				GCC_C_LANGUAGE_STANDARD = gnu17;
				GCC_NO_COMMON_BLOCKS = YES;
				GCC_WARN_64_TO_32_BIT_CONVERSION = YES;
				GCC_WARN_ABOUT_RETURN_TYPE = YES_ERROR;
				GCC_WARN_UNDECLARED_SELECTOR = YES;
				GCC_WARN_UNINITIALIZED_AUTOS = YES_AGGRESSIVE;
				GCC_WARN_UNUSED_FUNCTION = YES;
				GCC_WARN_UNUSED_VARIABLE = YES;
				IPHONEOS_DEPLOYMENT_TARGET = 26.0;
				LOCALIZATION_PREFERS_STRING_CATALOGS = YES;
				MTL_ENABLE_DEBUG_INFO = NO;
				MTL_FAST_MATH = YES;
				SDKROOT = iphoneos;
				SWIFT_COMPILATION_MODE = wholemodule;
				VALIDATE_PRODUCT = YES;
			};
			name = Release;
		};
		05CA1B7E2EBEE2A20041BEC3 /* Debug */ = {
			isa = XCBuildConfiguration;
			buildSettings = {
				ASSETCATALOG_COMPILER_APPICON_NAME = AppIcon;
				ASSETCATALOG_COMPILER_GLOBAL_ACCENT_COLOR_NAME = AccentColor;
				CODE_SIGN_STYLE = Automatic;
				CURRENT_PROJECT_VERSION = 1;
				DEVELOPMENT_TEAM = 2U6HGW7K5L;
				ENABLE_PREVIEWS = YES;
				GENERATE_INFOPLIST_FILE = YES;
				INFOPLIST_KEY_UIApplicationSceneManifest_Generation = YES;
				INFOPLIST_KEY_UIApplicationSupportsIndirectInputEvents = YES;
				INFOPLIST_KEY_UILaunchScreen_Generation = YES;
				INFOPLIST_KEY_UISupportedInterfaceOrientations_iPad = "UIInterfaceOrientationPortrait UIInterfaceOrientationPortraitUpsideDown UIInterfaceOrientationLandscapeLeft UIInterfaceOrientationLandscapeRight";
				INFOPLIST_KEY_UISupportedInterfaceOrientations_iPhone = "UIInterfaceOrientationPortrait UIInterfaceOrientationLandscapeLeft UIInterfaceOrientationLandscapeRight";
				LD_RUNPATH_SEARCH_PATHS = (
					"$(inherited)",
					"@executable_path/Frameworks",
				);
				MARKETING_VERSION = 1.0;
				PRODUCT_BUNDLE_IDENTIFIER = com.shuhei.goldengaiapp.GoldenGaiApp;
				PRODUCT_NAME = "$(TARGET_NAME)";
				STRING_CATALOG_GENERATE_SYMBOLS = YES;
				SWIFT_APPROACHABLE_CONCURRENCY = YES;
				SWIFT_DEFAULT_ACTOR_ISOLATION = MainActor;
				SWIFT_EMIT_LOC_STRINGS = YES;
				SWIFT_UPCOMING_FEATURE_MEMBER_IMPORT_VISIBILITY = YES;
				SWIFT_VERSION = 5.0;
				TARGETED_DEVICE_FAMILY = "1,2";
			};
			name = Debug;
		};
		05CA1B7F2EBEE2A20041BEC3 /* Release */ = {
			isa = XCBuildConfiguration;
			buildSettings = {
				ASSETCATALOG_COMPILER_APPICON_NAME = AppIcon;
				ASSETCATALOG_COMPILER_GLOBAL_ACCENT_COLOR_NAME = AccentColor;
				CODE_SIGN_STYLE = Automatic;
				CURRENT_PROJECT_VERSION = 1;
				DEVELOPMENT_TEAM = 2U6HGW7K5L;
				ENABLE_PREVIEWS = YES;
				GENERATE_INFOPLIST_FILE = YES;
				INFOPLIST_KEY_UIApplicationSceneManifest_Generation = YES;
				INFOPLIST_KEY_UIApplicationSupportsIndirectInputEvents = YES;
				INFOPLIST_KEY_UILaunchScreen_Generation = YES;
				INFOPLIST_KEY_UISupportedInterfaceOrientations_iPad = "UIInterfaceOrientationPortrait UIInterfaceOrientationPortraitUpsideDown UIInterfaceOrientationLandscapeLeft UIInterfaceOrientationLandscapeRight";
				INFOPLIST_KEY_UISupportedInterfaceOrientations_iPhone = "UIInterfaceOrientationPortrait UIInterfaceOrientationLandscapeLeft UIInterfaceOrientationLandscapeRight";
				LD_RUNPATH_SEARCH_PATHS = (
					"$(inherited)",
					"@executable_path/Frameworks",
				);
				MARKETING_VERSION = 1.0;
				PRODUCT_BUNDLE_IDENTIFIER = com.shuhei.goldengaiapp.GoldenGaiApp;
				PRODUCT_NAME = "$(TARGET_NAME)";
				STRING_CATALOG_GENERATE_SYMBOLS = YES;
				SWIFT_APPROACHABLE_CONCURRENCY = YES;
				SWIFT_DEFAULT_ACTOR_ISOLATION = MainActor;
				SWIFT_EMIT_LOC_STRINGS = YES;
				SWIFT_UPCOMING_FEATURE_MEMBER_IMPORT_VISIBILITY = YES;
				SWIFT_VERSION = 5.0;
				TARGETED_DEVICE_FAMILY = "1,2";
			};
			name = Release;
		};
		05CA1B812EBEE2A20041BEC3 /* Debug */ = {
			isa = XCBuildConfiguration;
			buildSettings = {
				BUNDLE_LOADER = "$(TEST_HOST)";
				CODE_SIGN_STYLE = Automatic;
				CURRENT_PROJECT_VERSION = 1;
				DEVELOPMENT_TEAM = 2U6HGW7K5L;
				GENERATE_INFOPLIST_FILE = YES;
				IPHONEOS_DEPLOYMENT_TARGET = 26.0;
				MARKETING_VERSION = 1.0;
				PRODUCT_BUNDLE_IDENTIFIER = com.shuhei.goldengaiapp.GoldenGaiAppTests;
				PRODUCT_NAME = "$(TARGET_NAME)";
				STRING_CATALOG_GENERATE_SYMBOLS = NO;
				SWIFT_APPROACHABLE_CONCURRENCY = YES;
				SWIFT_EMIT_LOC_STRINGS = NO;
				SWIFT_UPCOMING_FEATURE_MEMBER_IMPORT_VISIBILITY = YES;
				SWIFT_VERSION = 5.0;
				TARGETED_DEVICE_FAMILY = "1,2";
				TEST_HOST = "$(BUILT_PRODUCTS_DIR)/GoldenGaiApp.app/$(BUNDLE_EXECUTABLE_FOLDER_PATH)/GoldenGaiApp";
			};
			name = Debug;
		};
		05CA1B822EBEE2A20041BEC3 /* Release */ = {
			isa = XCBuildConfiguration;
			buildSettings = {
				BUNDLE_LOADER = "$(TEST_HOST)";
				CODE_SIGN_STYLE = Automatic;
				CURRENT_PROJECT_VERSION = 1;
				DEVELOPMENT_TEAM = 2U6HGW7K5L;
				GENERATE_INFOPLIST_FILE = YES;
				IPHONEOS_DEPLOYMENT_TARGET = 26.0;
				MARKETING_VERSION = 1.0;
				PRODUCT_BUNDLE_IDENTIFIER = com.shuhei.goldengaiapp.GoldenGaiAppTests;
				PRODUCT_NAME = "$(TARGET_NAME)";
				STRING_CATALOG_GENERATE_SYMBOLS = NO;
				SWIFT_APPROACHABLE_CONCURRENCY = YES;
				SWIFT_EMIT_LOC_STRINGS = NO;
				SWIFT_UPCOMING_FEATURE_MEMBER_IMPORT_VISIBILITY = YES;
				SWIFT_VERSION = 5.0;
				TARGETED_DEVICE_FAMILY = "1,2";
				TEST_HOST = "$(BUILT_PRODUCTS_DIR)/GoldenGaiApp.app/$(BUNDLE_EXECUTABLE_FOLDER_PATH)/GoldenGaiApp";
			};
			name = Release;
		};
		05CA1B842EBEE2A20041BEC3 /* Debug */ = {
			isa = XCBuildConfiguration;
			buildSettings = {
				CODE_SIGN_STYLE = Automatic;
				CURRENT_PROJECT_VERSION = 1;
				DEVELOPMENT_TEAM = 2U6HGW7K5L;
				GENERATE_INFOPLIST_FILE = YES;
				MARKETING_VERSION = 1.0;
				PRODUCT_BUNDLE_IDENTIFIER = com.shuhei.goldengaiapp.GoldenGaiAppUITests;
				PRODUCT_NAME = "$(TARGET_NAME)";
				STRING_CATALOG_GENERATE_SYMBOLS = NO;
				SWIFT_APPROACHABLE_CONCURRENCY = YES;
				SWIFT_EMIT_LOC_STRINGS = NO;
				SWIFT_UPCOMING_FEATURE_MEMBER_IMPORT_VISIBILITY = YES;
				SWIFT_VERSION = 5.0;
				TARGETED_DEVICE_FAMILY = "1,2";
				TEST_TARGET_NAME = GoldenGaiApp;
			};
			name = Debug;
		};
		05CA1B852EBEE2A20041BEC3 /* Release */ = {
			isa = XCBuildConfiguration;
			buildSettings = {
				CODE_SIGN_STYLE = Automatic;
				CURRENT_PROJECT_VERSION = 1;
				DEVELOPMENT_TEAM = 2U6HGW7K5L;
				GENERATE_INFOPLIST_FILE = YES;
				MARKETING_VERSION = 1.0;
				PRODUCT_BUNDLE_IDENTIFIER = com.shuhei.goldengaiapp.GoldenGaiAppUITests;
				PRODUCT_NAME = "$(TARGET_NAME)";
				STRING_CATALOG_GENERATE_SYMBOLS = NO;
				SWIFT_APPROACHABLE_CONCURRENCY = YES;
				SWIFT_EMIT_LOC_STRINGS = NO;
				SWIFT_UPCOMING_FEATURE_MEMBER_IMPORT_VISIBILITY = YES;
				SWIFT_VERSION = 5.0;
				TARGETED_DEVICE_FAMILY = "1,2";
				TEST_TARGET_NAME = GoldenGaiApp;
			};
			name = Release;
		};
/* End XCBuildConfiguration section */

/* Begin XCConfigurationList section */
		05CA1B522EBEE29F0041BEC3 /* Build configuration list for PBXProject "GoldenGaiApp" */ = {
			isa = XCConfigurationList;
			buildConfigurations = (
				05CA1B7B2EBEE2A20041BEC3 /* Debug */,
				05CA1B7C2EBEE2A20041BEC3 /* Release */,
			);
			defaultConfigurationIsVisible = 0;
			defaultConfigurationName = Release;
		};
		05CA1B7D2EBEE2A20041BEC3 /* Build configuration list for PBXNativeTarget "GoldenGaiApp" */ = {
			isa = XCConfigurationList;
			buildConfigurations = (
				05CA1B7E2EBEE2A20041BEC3 /* Debug */,
				05CA1B7F2EBEE2A20041BEC3 /* Release */,
			);
			defaultConfigurationIsVisible = 0;
			defaultConfigurationName = Release;
		};
		05CA1B802EBEE2A20041BEC3 /* Build configuration list for PBXNativeTarget "GoldenGaiAppTests" */ = {
			isa = XCConfigurationList;
			buildConfigurations = (
				05CA1B812EBEE2A20041BEC3 /* Debug */,
				05CA1B822EBEE2A20041BEC3 /* Release */,
			);
			defaultConfigurationIsVisible = 0;
			defaultConfigurationName = Release;
		};
		05CA1B832EBEE2A20041BEC3 /* Build configuration list for PBXNativeTarget "GoldenGaiAppUITests" */ = {
			isa = XCConfigurationList;
			buildConfigurations = (
				05CA1B842EBEE2A20041BEC3 /* Debug */,
				05CA1B852EBEE2A20041BEC3 /* Release */,
			);
			defaultConfigurationIsVisible = 0;
			defaultConfigurationName = Release;
		};
/* End XCConfigurationList section */
	};
	rootObject = 05CA1B4F2EBEE29F0041BEC3 /* Project object */;
}
